lockfileVersion: '6.0'

settings:
  autoInstallPeers: true
  excludeLinksFromLockfile: false

importers:

  .: {}

  packages/browser:
    devDependencies:
      type-fest:
        specifier: ^4.3.1
        version: 4.3.1

  packages/common:
    devDependencies:
      '@types/node':
        specifier: ^20.6.3
        version: 20.6.3

  packages/node: {}

packages:

  /@types/node@20.6.3:
    resolution: {integrity: sha512-HksnYH4Ljr4VQgEy2lTStbCKv/P590tmPe5HqOnv9Gprffgv5WXAY+Y5Gqniu0GGqeTCUdBnzC3QSrzPkBkAMA==}
    dev: true

  /type-fest@4.3.1:
    resolution: {integrity: sha512-pphNW/msgOUSkJbH58x8sqpq8uQj6b0ZKGxEsLKMUnGorRcDjrUaLS+39+/ub41JNTwrrMyJcUB8+YZs3mbwqw==}
    engines: {node: '>=16'}
    dev: true
