lockfileVersion: '6.1'

settings:
  autoInstallPeers: true
  excludeLinksFromLockfile: false

importers:

  .: {}

  packages/browser:
    devDependencies:
      type-fest:
        specifier: ^4.2.0
        version: 4.2.0

  packages/common: {}

  packages/node: {}

packages:

  /type-fest@4.2.0:
    resolution: {integrity: sha512-5zknd7Dss75pMSED270A1RQS3KloqRJA9XbXLe0eCxyw7xXFb3rd+9B0UQ/0E+LQT6lnrLviEolYORlRWamn4w==}
    engines: {node: '>=16'}
    dev: true
